
Microsoft Visual Studio Solution File, Format Version 12.00
# Visual Studio 2013
VisualStudioVersion = 12.0.30501.0
MinimumVisualStudioVersion = 10.0.40219.1
Project("{FAE04EC0-301F-11D3-BF4B-00C04F79EFBC}") = "SystemDot.Domain", "..\Projects\SystemDot.Domain\SystemDot.Domain.csproj", "{D5F19133-3DAF-46AF-95DD-EB9CF87FAAFE}"
EndProject
Project("{2150E333-8FDC-42A3-9474-1A3956D46DE8}") = ".nuget", ".nuget", "{044CC2DF-26A1-40A6-822C-72D073202AA2}"
	ProjectSection(SolutionItems) = preProject
		.nuget\NuGet.Config = .nuget\NuGet.Config
		.nuget\NuGet.exe = .nuget\NuGet.exe
		.nuget\NuGet.targets = .nuget\NuGet.targets
	EndProjectSection
EndProject
Project("{2150E333-8FDC-42A3-9474-1A3956D46DE8}") = "Solution Items", "Solution Items", "{3EEAEDE3-F405-4445-A3FC-C2F4CBCE9607}"
	ProjectSection(SolutionItems) = preProject
		..\SystemDotDomain.nuspec = ..\SystemDotDomain.nuspec
	EndProjectSection
EndProject
Project("{FAE04EC0-301F-11D3-BF4B-00C04F79EFBC}") = "SystemDot.Domain.Windows", "..\Projects\SystemDot.Domain.Windows\SystemDot.Domain.Windows.csproj", "{35FE4909-959F-4AF8-B338-ED351D203949}"
EndProject
Project("{FAE04EC0-301F-11D3-BF4B-00C04F79EFBC}") = "SystemDot.Domain.Android", "..\Projects\System.Domain.Android\SystemDot.Domain.Android.csproj", "{894F885A-FAB2-42CD-A2AE-D971FF781348}"
EndProject
Project("{FAE04EC0-301F-11D3-BF4B-00C04F79EFBC}") = "SystemDot.Domain.iOS", "..\Projects\SystemDot.Domain.iOS\SystemDot.Domain.iOS.csproj", "{991D4922-72B7-47C1-8746-0EC815073A64}"
EndProject
Project("{FAE04EC0-301F-11D3-BF4B-00C04F79EFBC}") = "SystemDot.Domain.WindowsStore", "..\Projects\SystemDot.Domain.WindowsStore\SystemDot.Domain.WindowsStore.csproj", "{A64356A4-B172-4486-B1CB-83EA844DA184}"
EndProject
Global
	GlobalSection(SolutionConfigurationPlatforms) = preSolution
		Ad-Hoc|Any CPU = Ad-Hoc|Any CPU
		Ad-Hoc|ARM = Ad-Hoc|ARM
		Ad-Hoc|iPhone = Ad-Hoc|iPhone
		Ad-Hoc|iPhoneSimulator = Ad-Hoc|iPhoneSimulator
		Ad-Hoc|Mixed Platforms = Ad-Hoc|Mixed Platforms
		Ad-Hoc|x64 = Ad-Hoc|x64
		Ad-Hoc|x86 = Ad-Hoc|x86
		AppStore|Any CPU = AppStore|Any CPU
		AppStore|ARM = AppStore|ARM
		AppStore|iPhone = AppStore|iPhone
		AppStore|iPhoneSimulator = AppStore|iPhoneSimulator
		AppStore|Mixed Platforms = AppStore|Mixed Platforms
		AppStore|x64 = AppStore|x64
		AppStore|x86 = AppStore|x86
		Debug|Any CPU = Debug|Any CPU
		Debug|ARM = Debug|ARM
		Debug|iPhone = Debug|iPhone
		Debug|iPhoneSimulator = Debug|iPhoneSimulator
		Debug|Mixed Platforms = Debug|Mixed Platforms
		Debug|x64 = Debug|x64
		Debug|x86 = Debug|x86
		Release|Any CPU = Release|Any CPU
		Release|ARM = Release|ARM
		Release|iPhone = Release|iPhone
		Release|iPhoneSimulator = Release|iPhoneSimulator
		Release|Mixed Platforms = Release|Mixed Platforms
		Release|x64 = Release|x64
		Release|x86 = Release|x86
	EndGlobalSection
	GlobalSection(ProjectConfigurationPlatforms) = postSolution
		{D5F19133-3DAF-46AF-95DD-EB9CF87FAAFE}.Ad-Hoc|Any CPU.ActiveCfg = Release|Any CPU
		{D5F19133-3DAF-46AF-95DD-EB9CF87FAAFE}.Ad-Hoc|Any CPU.Build.0 = Release|Any CPU
		{D5F19133-3DAF-46AF-95DD-EB9CF87FAAFE}.Ad-Hoc|ARM.ActiveCfg = Release|Any CPU
		{D5F19133-3DAF-46AF-95DD-EB9CF87FAAFE}.Ad-Hoc|iPhone.ActiveCfg = Release|Any CPU
		{D5F19133-3DAF-46AF-95DD-EB9CF87FAAFE}.Ad-Hoc|iPhoneSimulator.ActiveCfg = Release|Any CPU
		{D5F19133-3DAF-46AF-95DD-EB9CF87FAAFE}.Ad-Hoc|Mixed Platforms.ActiveCfg = Release|Any CPU
		{D5F19133-3DAF-46AF-95DD-EB9CF87FAAFE}.Ad-Hoc|Mixed Platforms.Build.0 = Release|Any CPU
		{D5F19133-3DAF-46AF-95DD-EB9CF87FAAFE}.Ad-Hoc|x64.ActiveCfg = Release|Any CPU
		{D5F19133-3DAF-46AF-95DD-EB9CF87FAAFE}.Ad-Hoc|x86.ActiveCfg = Release|Any CPU
		{D5F19133-3DAF-46AF-95DD-EB9CF87FAAFE}.AppStore|Any CPU.ActiveCfg = Release|Any CPU
		{D5F19133-3DAF-46AF-95DD-EB9CF87FAAFE}.AppStore|Any CPU.Build.0 = Release|Any CPU
		{D5F19133-3DAF-46AF-95DD-EB9CF87FAAFE}.AppStore|ARM.ActiveCfg = Release|Any CPU
		{D5F19133-3DAF-46AF-95DD-EB9CF87FAAFE}.AppStore|iPhone.ActiveCfg = Release|Any CPU
		{D5F19133-3DAF-46AF-95DD-EB9CF87FAAFE}.AppStore|iPhoneSimulator.ActiveCfg = Release|Any CPU
		{D5F19133-3DAF-46AF-95DD-EB9CF87FAAFE}.AppStore|Mixed Platforms.ActiveCfg = Release|Any CPU
		{D5F19133-3DAF-46AF-95DD-EB9CF87FAAFE}.AppStore|Mixed Platforms.Build.0 = Release|Any CPU
		{D5F19133-3DAF-46AF-95DD-EB9CF87FAAFE}.AppStore|x64.ActiveCfg = Release|Any CPU
		{D5F19133-3DAF-46AF-95DD-EB9CF87FAAFE}.AppStore|x86.ActiveCfg = Release|Any CPU
		{D5F19133-3DAF-46AF-95DD-EB9CF87FAAFE}.Debug|Any CPU.ActiveCfg = Debug|Any CPU
		{D5F19133-3DAF-46AF-95DD-EB9CF87FAAFE}.Debug|Any CPU.Build.0 = Debug|Any CPU
		{D5F19133-3DAF-46AF-95DD-EB9CF87FAAFE}.Debug|ARM.ActiveCfg = Debug|Any CPU
		{D5F19133-3DAF-46AF-95DD-EB9CF87FAAFE}.Debug|iPhone.ActiveCfg = Debug|Any CPU
		{D5F19133-3DAF-46AF-95DD-EB9CF87FAAFE}.Debug|iPhoneSimulator.ActiveCfg = Debug|Any CPU
		{D5F19133-3DAF-46AF-95DD-EB9CF87FAAFE}.Debug|Mixed Platforms.ActiveCfg = Debug|Any CPU
		{D5F19133-3DAF-46AF-95DD-EB9CF87FAAFE}.Debug|Mixed Platforms.Build.0 = Debug|Any CPU
		{D5F19133-3DAF-46AF-95DD-EB9CF87FAAFE}.Debug|x64.ActiveCfg = Debug|Any CPU
		{D5F19133-3DAF-46AF-95DD-EB9CF87FAAFE}.Debug|x86.ActiveCfg = Debug|Any CPU
		{D5F19133-3DAF-46AF-95DD-EB9CF87FAAFE}.Release|Any CPU.ActiveCfg = Release|Any CPU
		{D5F19133-3DAF-46AF-95DD-EB9CF87FAAFE}.Release|Any CPU.Build.0 = Release|Any CPU
		{D5F19133-3DAF-46AF-95DD-EB9CF87FAAFE}.Release|ARM.ActiveCfg = Release|Any CPU
		{D5F19133-3DAF-46AF-95DD-EB9CF87FAAFE}.Release|iPhone.ActiveCfg = Release|Any CPU
		{D5F19133-3DAF-46AF-95DD-EB9CF87FAAFE}.Release|iPhoneSimulator.ActiveCfg = Release|Any CPU
		{D5F19133-3DAF-46AF-95DD-EB9CF87FAAFE}.Release|Mixed Platforms.ActiveCfg = Release|Any CPU
		{D5F19133-3DAF-46AF-95DD-EB9CF87FAAFE}.Release|Mixed Platforms.Build.0 = Release|Any CPU
		{D5F19133-3DAF-46AF-95DD-EB9CF87FAAFE}.Release|x64.ActiveCfg = Release|Any CPU
		{D5F19133-3DAF-46AF-95DD-EB9CF87FAAFE}.Release|x86.ActiveCfg = Release|Any CPU
		{35FE4909-959F-4AF8-B338-ED351D203949}.Ad-Hoc|Any CPU.ActiveCfg = Release|Any CPU
		{35FE4909-959F-4AF8-B338-ED351D203949}.Ad-Hoc|Any CPU.Build.0 = Release|Any CPU
		{35FE4909-959F-4AF8-B338-ED351D203949}.Ad-Hoc|ARM.ActiveCfg = Release|Any CPU
		{35FE4909-959F-4AF8-B338-ED351D203949}.Ad-Hoc|iPhone.ActiveCfg = Release|Any CPU
		{35FE4909-959F-4AF8-B338-ED351D203949}.Ad-Hoc|iPhoneSimulator.ActiveCfg = Release|Any CPU
		{35FE4909-959F-4AF8-B338-ED351D203949}.Ad-Hoc|Mixed Platforms.ActiveCfg = Release|Any CPU
		{35FE4909-959F-4AF8-B338-ED351D203949}.Ad-Hoc|Mixed Platforms.Build.0 = Release|Any CPU
		{35FE4909-959F-4AF8-B338-ED351D203949}.Ad-Hoc|x64.ActiveCfg = Release|Any CPU
		{35FE4909-959F-4AF8-B338-ED351D203949}.Ad-Hoc|x86.ActiveCfg = Release|Any CPU
		{35FE4909-959F-4AF8-B338-ED351D203949}.AppStore|Any CPU.ActiveCfg = Release|Any CPU
		{35FE4909-959F-4AF8-B338-ED351D203949}.AppStore|Any CPU.Build.0 = Release|Any CPU
		{35FE4909-959F-4AF8-B338-ED351D203949}.AppStore|ARM.ActiveCfg = Release|Any CPU
		{35FE4909-959F-4AF8-B338-ED351D203949}.AppStore|iPhone.ActiveCfg = Release|Any CPU
		{35FE4909-959F-4AF8-B338-ED351D203949}.AppStore|iPhoneSimulator.ActiveCfg = Release|Any CPU
		{35FE4909-959F-4AF8-B338-ED351D203949}.AppStore|Mixed Platforms.ActiveCfg = Release|Any CPU
		{35FE4909-959F-4AF8-B338-ED351D203949}.AppStore|Mixed Platforms.Build.0 = Release|Any CPU
		{35FE4909-959F-4AF8-B338-ED351D203949}.AppStore|x64.ActiveCfg = Release|Any CPU
		{35FE4909-959F-4AF8-B338-ED351D203949}.AppStore|x86.ActiveCfg = Release|Any CPU
		{35FE4909-959F-4AF8-B338-ED351D203949}.Debug|Any CPU.ActiveCfg = Debug|Any CPU
		{35FE4909-959F-4AF8-B338-ED351D203949}.Debug|Any CPU.Build.0 = Debug|Any CPU
		{35FE4909-959F-4AF8-B338-ED351D203949}.Debug|ARM.ActiveCfg = Debug|Any CPU
		{35FE4909-959F-4AF8-B338-ED351D203949}.Debug|iPhone.ActiveCfg = Debug|Any CPU
		{35FE4909-959F-4AF8-B338-ED351D203949}.Debug|iPhoneSimulator.ActiveCfg = Debug|Any CPU
		{35FE4909-959F-4AF8-B338-ED351D203949}.Debug|Mixed Platforms.ActiveCfg = Debug|Any CPU
		{35FE4909-959F-4AF8-B338-ED351D203949}.Debug|Mixed Platforms.Build.0 = Debug|Any CPU
		{35FE4909-959F-4AF8-B338-ED351D203949}.Debug|x64.ActiveCfg = Debug|Any CPU
		{35FE4909-959F-4AF8-B338-ED351D203949}.Debug|x86.ActiveCfg = Debug|Any CPU
		{35FE4909-959F-4AF8-B338-ED351D203949}.Release|Any CPU.ActiveCfg = Release|Any CPU
		{35FE4909-959F-4AF8-B338-ED351D203949}.Release|Any CPU.Build.0 = Release|Any CPU
		{35FE4909-959F-4AF8-B338-ED351D203949}.Release|ARM.ActiveCfg = Release|Any CPU
		{35FE4909-959F-4AF8-B338-ED351D203949}.Release|iPhone.ActiveCfg = Release|Any CPU
		{35FE4909-959F-4AF8-B338-ED351D203949}.Release|iPhoneSimulator.ActiveCfg = Release|Any CPU
		{35FE4909-959F-4AF8-B338-ED351D203949}.Release|Mixed Platforms.ActiveCfg = Release|Any CPU
		{35FE4909-959F-4AF8-B338-ED351D203949}.Release|Mixed Platforms.Build.0 = Release|Any CPU
		{35FE4909-959F-4AF8-B338-ED351D203949}.Release|x64.ActiveCfg = Release|Any CPU
		{35FE4909-959F-4AF8-B338-ED351D203949}.Release|x86.ActiveCfg = Release|Any CPU
		{894F885A-FAB2-42CD-A2AE-D971FF781348}.Ad-Hoc|Any CPU.ActiveCfg = Release|Any CPU
		{894F885A-FAB2-42CD-A2AE-D971FF781348}.Ad-Hoc|Any CPU.Build.0 = Release|Any CPU
		{894F885A-FAB2-42CD-A2AE-D971FF781348}.Ad-Hoc|ARM.ActiveCfg = Release|Any CPU
		{894F885A-FAB2-42CD-A2AE-D971FF781348}.Ad-Hoc|iPhone.ActiveCfg = Release|Any CPU
		{894F885A-FAB2-42CD-A2AE-D971FF781348}.Ad-Hoc|iPhoneSimulator.ActiveCfg = Release|Any CPU
		{894F885A-FAB2-42CD-A2AE-D971FF781348}.Ad-Hoc|Mixed Platforms.ActiveCfg = Release|Any CPU
		{894F885A-FAB2-42CD-A2AE-D971FF781348}.Ad-Hoc|Mixed Platforms.Build.0 = Release|Any CPU
		{894F885A-FAB2-42CD-A2AE-D971FF781348}.Ad-Hoc|x64.ActiveCfg = Release|Any CPU
		{894F885A-FAB2-42CD-A2AE-D971FF781348}.Ad-Hoc|x86.ActiveCfg = Release|Any CPU
		{894F885A-FAB2-42CD-A2AE-D971FF781348}.AppStore|Any CPU.ActiveCfg = Release|Any CPU
		{894F885A-FAB2-42CD-A2AE-D971FF781348}.AppStore|Any CPU.Build.0 = Release|Any CPU
		{894F885A-FAB2-42CD-A2AE-D971FF781348}.AppStore|ARM.ActiveCfg = Release|Any CPU
		{894F885A-FAB2-42CD-A2AE-D971FF781348}.AppStore|iPhone.ActiveCfg = Release|Any CPU
		{894F885A-FAB2-42CD-A2AE-D971FF781348}.AppStore|iPhoneSimulator.ActiveCfg = Release|Any CPU
		{894F885A-FAB2-42CD-A2AE-D971FF781348}.AppStore|Mixed Platforms.ActiveCfg = Release|Any CPU
		{894F885A-FAB2-42CD-A2AE-D971FF781348}.AppStore|Mixed Platforms.Build.0 = Release|Any CPU
		{894F885A-FAB2-42CD-A2AE-D971FF781348}.AppStore|x64.ActiveCfg = Release|Any CPU
		{894F885A-FAB2-42CD-A2AE-D971FF781348}.AppStore|x86.ActiveCfg = Release|Any CPU
		{894F885A-FAB2-42CD-A2AE-D971FF781348}.Debug|Any CPU.ActiveCfg = Debug|Any CPU
		{894F885A-FAB2-42CD-A2AE-D971FF781348}.Debug|Any CPU.Build.0 = Debug|Any CPU
		{894F885A-FAB2-42CD-A2AE-D971FF781348}.Debug|ARM.ActiveCfg = Debug|Any CPU
		{894F885A-FAB2-42CD-A2AE-D971FF781348}.Debug|iPhone.ActiveCfg = Debug|Any CPU
		{894F885A-FAB2-42CD-A2AE-D971FF781348}.Debug|iPhoneSimulator.ActiveCfg = Debug|Any CPU
		{894F885A-FAB2-42CD-A2AE-D971FF781348}.Debug|Mixed Platforms.ActiveCfg = Debug|Any CPU
		{894F885A-FAB2-42CD-A2AE-D971FF781348}.Debug|Mixed Platforms.Build.0 = Debug|Any CPU
		{894F885A-FAB2-42CD-A2AE-D971FF781348}.Debug|x64.ActiveCfg = Debug|Any CPU
		{894F885A-FAB2-42CD-A2AE-D971FF781348}.Debug|x86.ActiveCfg = Debug|Any CPU
		{894F885A-FAB2-42CD-A2AE-D971FF781348}.Release|Any CPU.ActiveCfg = Release|Any CPU
		{894F885A-FAB2-42CD-A2AE-D971FF781348}.Release|Any CPU.Build.0 = Release|Any CPU
		{894F885A-FAB2-42CD-A2AE-D971FF781348}.Release|ARM.ActiveCfg = Release|Any CPU
		{894F885A-FAB2-42CD-A2AE-D971FF781348}.Release|iPhone.ActiveCfg = Release|Any CPU
		{894F885A-FAB2-42CD-A2AE-D971FF781348}.Release|iPhoneSimulator.ActiveCfg = Release|Any CPU
		{894F885A-FAB2-42CD-A2AE-D971FF781348}.Release|Mixed Platforms.ActiveCfg = Release|Any CPU
		{894F885A-FAB2-42CD-A2AE-D971FF781348}.Release|Mixed Platforms.Build.0 = Release|Any CPU
		{894F885A-FAB2-42CD-A2AE-D971FF781348}.Release|x64.ActiveCfg = Release|Any CPU
		{894F885A-FAB2-42CD-A2AE-D971FF781348}.Release|x86.ActiveCfg = Release|Any CPU
		{991D4922-72B7-47C1-8746-0EC815073A64}.Ad-Hoc|Any CPU.ActiveCfg = Ad-Hoc|iPhone
		{991D4922-72B7-47C1-8746-0EC815073A64}.Ad-Hoc|ARM.ActiveCfg = Ad-Hoc|iPhone
		{991D4922-72B7-47C1-8746-0EC815073A64}.Ad-Hoc|iPhone.ActiveCfg = Ad-Hoc|iPhone
		{991D4922-72B7-47C1-8746-0EC815073A64}.Ad-Hoc|iPhone.Build.0 = Ad-Hoc|iPhone
		{991D4922-72B7-47C1-8746-0EC815073A64}.Ad-Hoc|iPhoneSimulator.ActiveCfg = Ad-Hoc|iPhoneSimulator
		{991D4922-72B7-47C1-8746-0EC815073A64}.Ad-Hoc|iPhoneSimulator.Build.0 = Ad-Hoc|iPhoneSimulator
		{991D4922-72B7-47C1-8746-0EC815073A64}.Ad-Hoc|Mixed Platforms.ActiveCfg = Ad-Hoc|iPhone
		{991D4922-72B7-47C1-8746-0EC815073A64}.Ad-Hoc|Mixed Platforms.Build.0 = Ad-Hoc|iPhone
		{991D4922-72B7-47C1-8746-0EC815073A64}.Ad-Hoc|x64.ActiveCfg = Ad-Hoc|iPhone
		{991D4922-72B7-47C1-8746-0EC815073A64}.Ad-Hoc|x86.ActiveCfg = Ad-Hoc|iPhone
		{991D4922-72B7-47C1-8746-0EC815073A64}.AppStore|Any CPU.ActiveCfg = AppStore|iPhone
		{991D4922-72B7-47C1-8746-0EC815073A64}.AppStore|ARM.ActiveCfg = AppStore|iPhone
		{991D4922-72B7-47C1-8746-0EC815073A64}.AppStore|iPhone.ActiveCfg = AppStore|iPhone
		{991D4922-72B7-47C1-8746-0EC815073A64}.AppStore|iPhone.Build.0 = AppStore|iPhone
		{991D4922-72B7-47C1-8746-0EC815073A64}.AppStore|iPhoneSimulator.ActiveCfg = AppStore|iPhoneSimulator
		{991D4922-72B7-47C1-8746-0EC815073A64}.AppStore|iPhoneSimulator.Build.0 = AppStore|iPhoneSimulator
		{991D4922-72B7-47C1-8746-0EC815073A64}.AppStore|Mixed Platforms.ActiveCfg = AppStore|iPhone
		{991D4922-72B7-47C1-8746-0EC815073A64}.AppStore|Mixed Platforms.Build.0 = AppStore|iPhone
		{991D4922-72B7-47C1-8746-0EC815073A64}.AppStore|x64.ActiveCfg = AppStore|iPhone
		{991D4922-72B7-47C1-8746-0EC815073A64}.AppStore|x86.ActiveCfg = AppStore|iPhone
		{991D4922-72B7-47C1-8746-0EC815073A64}.Debug|Any CPU.ActiveCfg = Debug|iPhone
		{991D4922-72B7-47C1-8746-0EC815073A64}.Debug|ARM.ActiveCfg = Debug|iPhone
		{991D4922-72B7-47C1-8746-0EC815073A64}.Debug|iPhone.ActiveCfg = Debug|iPhone
		{991D4922-72B7-47C1-8746-0EC815073A64}.Debug|iPhone.Build.0 = Debug|iPhone
		{991D4922-72B7-47C1-8746-0EC815073A64}.Debug|iPhoneSimulator.ActiveCfg = Debug|iPhoneSimulator
		{991D4922-72B7-47C1-8746-0EC815073A64}.Debug|iPhoneSimulator.Build.0 = Debug|iPhoneSimulator
		{991D4922-72B7-47C1-8746-0EC815073A64}.Debug|Mixed Platforms.ActiveCfg = Debug|iPhone
		{991D4922-72B7-47C1-8746-0EC815073A64}.Debug|Mixed Platforms.Build.0 = Debug|iPhone
		{991D4922-72B7-47C1-8746-0EC815073A64}.Debug|x64.ActiveCfg = Debug|iPhone
		{991D4922-72B7-47C1-8746-0EC815073A64}.Debug|x86.ActiveCfg = Debug|iPhone
		{991D4922-72B7-47C1-8746-0EC815073A64}.Release|Any CPU.ActiveCfg = Release|iPhone
		{991D4922-72B7-47C1-8746-0EC815073A64}.Release|ARM.ActiveCfg = Release|iPhone
		{991D4922-72B7-47C1-8746-0EC815073A64}.Release|iPhone.ActiveCfg = Release|iPhone
		{991D4922-72B7-47C1-8746-0EC815073A64}.Release|iPhone.Build.0 = Release|iPhone
		{991D4922-72B7-47C1-8746-0EC815073A64}.Release|iPhoneSimulator.ActiveCfg = Release|iPhoneSimulator
		{991D4922-72B7-47C1-8746-0EC815073A64}.Release|iPhoneSimulator.Build.0 = Release|iPhoneSimulator
		{991D4922-72B7-47C1-8746-0EC815073A64}.Release|Mixed Platforms.ActiveCfg = Release|iPhone
		{991D4922-72B7-47C1-8746-0EC815073A64}.Release|Mixed Platforms.Build.0 = Release|iPhone
		{991D4922-72B7-47C1-8746-0EC815073A64}.Release|x64.ActiveCfg = Release|iPhone
		{991D4922-72B7-47C1-8746-0EC815073A64}.Release|x86.ActiveCfg = Release|iPhone
		{A64356A4-B172-4486-B1CB-83EA844DA184}.Ad-Hoc|Any CPU.ActiveCfg = Release|Any CPU
		{A64356A4-B172-4486-B1CB-83EA844DA184}.Ad-Hoc|Any CPU.Build.0 = Release|Any CPU
		{A64356A4-B172-4486-B1CB-83EA844DA184}.Ad-Hoc|ARM.ActiveCfg = Release|ARM
		{A64356A4-B172-4486-B1CB-83EA844DA184}.Ad-Hoc|ARM.Build.0 = Release|ARM
		{A64356A4-B172-4486-B1CB-83EA844DA184}.Ad-Hoc|iPhone.ActiveCfg = Release|Any CPU
		{A64356A4-B172-4486-B1CB-83EA844DA184}.Ad-Hoc|iPhoneSimulator.ActiveCfg = Release|Any CPU
		{A64356A4-B172-4486-B1CB-83EA844DA184}.Ad-Hoc|Mixed Platforms.ActiveCfg = Release|x86
		{A64356A4-B172-4486-B1CB-83EA844DA184}.Ad-Hoc|Mixed Platforms.Build.0 = Release|x86
		{A64356A4-B172-4486-B1CB-83EA844DA184}.Ad-Hoc|x64.ActiveCfg = Release|x64
		{A64356A4-B172-4486-B1CB-83EA844DA184}.Ad-Hoc|x64.Build.0 = Release|x64
		{A64356A4-B172-4486-B1CB-83EA844DA184}.Ad-Hoc|x86.ActiveCfg = Release|x86
		{A64356A4-B172-4486-B1CB-83EA844DA184}.Ad-Hoc|x86.Build.0 = Release|x86
		{A64356A4-B172-4486-B1CB-83EA844DA184}.AppStore|Any CPU.ActiveCfg = Release|Any CPU
		{A64356A4-B172-4486-B1CB-83EA844DA184}.AppStore|Any CPU.Build.0 = Release|Any CPU
		{A64356A4-B172-4486-B1CB-83EA844DA184}.AppStore|ARM.ActiveCfg = Release|ARM
		{A64356A4-B172-4486-B1CB-83EA844DA184}.AppStore|ARM.Build.0 = Release|ARM
		{A64356A4-B172-4486-B1CB-83EA844DA184}.AppStore|iPhone.ActiveCfg = Release|Any CPU
		{A64356A4-B172-4486-B1CB-83EA844DA184}.AppStore|iPhoneSimulator.ActiveCfg = Release|Any CPU
		{A64356A4-B172-4486-B1CB-83EA844DA184}.AppStore|Mixed Platforms.ActiveCfg = Release|x86
		{A64356A4-B172-4486-B1CB-83EA844DA184}.AppStore|Mixed Platforms.Build.0 = Release|x86
		{A64356A4-B172-4486-B1CB-83EA844DA184}.AppStore|x64.ActiveCfg = Release|x64
		{A64356A4-B172-4486-B1CB-83EA844DA184}.AppStore|x64.Build.0 = Release|x64
		{A64356A4-B172-4486-B1CB-83EA844DA184}.AppStore|x86.ActiveCfg = Release|x86
		{A64356A4-B172-4486-B1CB-83EA844DA184}.AppStore|x86.Build.0 = Release|x86
		{A64356A4-B172-4486-B1CB-83EA844DA184}.Debug|Any CPU.ActiveCfg = Debug|Any CPU
		{A64356A4-B172-4486-B1CB-83EA844DA184}.Debug|Any CPU.Build.0 = Debug|Any CPU
		{A64356A4-B172-4486-B1CB-83EA844DA184}.Debug|ARM.ActiveCfg = Debug|ARM
		{A64356A4-B172-4486-B1CB-83EA844DA184}.Debug|ARM.Build.0 = Debug|ARM
		{A64356A4-B172-4486-B1CB-83EA844DA184}.Debug|iPhone.ActiveCfg = Debug|Any CPU
		{A64356A4-B172-4486-B1CB-83EA844DA184}.Debug|iPhoneSimulator.ActiveCfg = Debug|Any CPU
		{A64356A4-B172-4486-B1CB-83EA844DA184}.Debug|Mixed Platforms.ActiveCfg = Debug|x86
		{A64356A4-B172-4486-B1CB-83EA844DA184}.Debug|Mixed Platforms.Build.0 = Debug|x86
		{A64356A4-B172-4486-B1CB-83EA844DA184}.Debug|x64.ActiveCfg = Debug|x64
		{A64356A4-B172-4486-B1CB-83EA844DA184}.Debug|x64.Build.0 = Debug|x64
		{A64356A4-B172-4486-B1CB-83EA844DA184}.Debug|x86.ActiveCfg = Debug|x86
		{A64356A4-B172-4486-B1CB-83EA844DA184}.Debug|x86.Build.0 = Debug|x86
		{A64356A4-B172-4486-B1CB-83EA844DA184}.Release|Any CPU.ActiveCfg = Release|Any CPU
		{A64356A4-B172-4486-B1CB-83EA844DA184}.Release|Any CPU.Build.0 = Release|Any CPU
		{A64356A4-B172-4486-B1CB-83EA844DA184}.Release|ARM.ActiveCfg = Release|ARM
		{A64356A4-B172-4486-B1CB-83EA844DA184}.Release|ARM.Build.0 = Release|ARM
		{A64356A4-B172-4486-B1CB-83EA844DA184}.Release|iPhone.ActiveCfg = Release|Any CPU
		{A64356A4-B172-4486-B1CB-83EA844DA184}.Release|iPhoneSimulator.ActiveCfg = Release|Any CPU
		{A64356A4-B172-4486-B1CB-83EA844DA184}.Release|Mixed Platforms.ActiveCfg = Release|x86
		{A64356A4-B172-4486-B1CB-83EA844DA184}.Release|Mixed Platforms.Build.0 = Release|x86
		{A64356A4-B172-4486-B1CB-83EA844DA184}.Release|x64.ActiveCfg = Release|x64
		{A64356A4-B172-4486-B1CB-83EA844DA184}.Release|x64.Build.0 = Release|x64
		{A64356A4-B172-4486-B1CB-83EA844DA184}.Release|x86.ActiveCfg = Release|x86
		{A64356A4-B172-4486-B1CB-83EA844DA184}.Release|x86.Build.0 = Release|x86
	EndGlobalSection
	GlobalSection(SolutionProperties) = preSolution
		HideSolutionNode = FALSE
	EndGlobalSection
EndGlobal
